// !$*UTF8*$!
{
	archiveVersion = 1;
	classes = {
	};
	objectVersion = 46;
	objects = {

/* Begin PBXBuildFile section */
		7B9F06DA194390FB00771ADF /* Foundation.framework in Frameworks */ = {isa = PBXBuildFile; fileRef = 7B9F06D9194390FB00771ADF /* Foundation.framework */; };
		7B9F06DC194390FB00771ADF /* CoreGraphics.framework in Frameworks */ = {isa = PBXBuildFile; fileRef = 7B9F06DB194390FB00771ADF /* CoreGraphics.framework */; };
		7B9F06DE194390FB00771ADF /* UIKit.framework in Frameworks */ = {isa = PBXBuildFile; fileRef = 7B9F06DD194390FB00771ADF /* UIKit.framework */; };
		7B9F06E4194390FB00771ADF /* InfoPlist.strings in Resources */ = {isa = PBXBuildFile; fileRef = 7B9F06E2194390FB00771ADF /* InfoPlist.strings */; };
		7B9F06E6194390FB00771ADF /* main.m in Sources */ = {isa = PBXBuildFile; fileRef = 7B9F06E5194390FB00771ADF /* main.m */; };
		7B9F06EA194390FB00771ADF /* AppDelegate.m in Sources */ = {isa = PBXBuildFile; fileRef = 7B9F06E9194390FB00771ADF /* AppDelegate.m */; };
		7B9F06ED194390FB00771ADF /* Main.storyboard in Resources */ = {isa = PBXBuildFile; fileRef = 7B9F06EB194390FB00771ADF /* Main.storyboard */; };
		7B9F06F2194390FB00771ADF /* Images.xcassets in Resources */ = {isa = PBXBuildFile; fileRef = 7B9F06F1194390FB00771ADF /* Images.xcassets */; };
		7B9F06F9194390FB00771ADF /* XCTest.framework in Frameworks */ = {isa = PBXBuildFile; fileRef = 7B9F06F8194390FB00771ADF /* XCTest.framework */; };
		7B9F06FA194390FB00771ADF /* Foundation.framework in Frameworks */ = {isa = PBXBuildFile; fileRef = 7B9F06D9194390FB00771ADF /* Foundation.framework */; };
		7B9F06FB194390FB00771ADF /* UIKit.framework in Frameworks */ = {isa = PBXBuildFile; fileRef = 7B9F06DD194390FB00771ADF /* UIKit.framework */; };
		7B9F0703194390FB00771ADF /* InfoPlist.strings in Resources */ = {isa = PBXBuildFile; fileRef = 7B9F0701194390FB00771ADF /* InfoPlist.strings */; };
		7B9F0705194390FB00771ADF /* Fantasy_LeagueTests.m in Sources */ = {isa = PBXBuildFile; fileRef = 7B9F0704194390FB00771ADF /* Fantasy_LeagueTests.m */; };
		7B9F07101943930100771ADF /* HomeViewController.m in Sources */ = {isa = PBXBuildFile; fileRef = 7B9F070F1943930100771ADF /* HomeViewController.m */; };
		7B9F0713194395D200771ADF /* FantasyLeagueViewController.m in Sources */ = {isa = PBXBuildFile; fileRef = 7B9F0712194395D200771ADF /* FantasyLeagueViewController.m */; };
		7B9F071619439D7500771ADF /* CountryPlayerSelectionViewController.m in Sources */ = {isa = PBXBuildFile; fileRef = 7B9F071519439D7500771ADF /* CountryPlayerSelectionViewController.m */; };
		7B9F07191943A00700771ADF /* PickerTableViewController.m in Sources */ = {isa = PBXBuildFile; fileRef = 7B9F07181943A00700771ADF /* PickerTableViewController.m */; };
		7B9F0FF21944705C00249A4C /* RegistrationViewController.m in Sources */ = {isa = PBXBuildFile; fileRef = 7B9F0FF11944705C00249A4C /* RegistrationViewController.m */; };
		7B9F0FF41944B0FF00249A4C /* ConfigurationClass.m in Sources */ = {isa = PBXBuildFile; fileRef = 7B9F0FF31944B0FF00249A4C /* ConfigurationClass.m */; };
/* End PBXBuildFile section */

/* Begin PBXContainerItemProxy section */
		7B9F06FC194390FB00771ADF /* PBXContainerItemProxy */ = {
			isa = PBXContainerItemProxy;
			containerPortal = 7B9F06CE194390FB00771ADF /* Project object */;
			proxyType = 1;
			remoteGlobalIDString = 7B9F06D5194390FB00771ADF;
			remoteInfo = "Fantasy League";
		};
/* End PBXContainerItemProxy section */

/* Begin PBXFileReference section */
		7B9F06D6194390FB00771ADF /* Fantasy League.app */ = {isa = PBXFileReference; explicitFileType = wrapper.application; includeInIndex = 0; path = "Fantasy League.app"; sourceTree = BUILT_PRODUCTS_DIR; };
		7B9F06D9194390FB00771ADF /* Foundation.framework */ = {isa = PBXFileReference; lastKnownFileType = wrapper.framework; name = Foundation.framework; path = System/Library/Frameworks/Foundation.framework; sourceTree = SDKROOT; };
		7B9F06DB194390FB00771ADF /* CoreGraphics.framework */ = {isa = PBXFileReference; lastKnownFileType = wrapper.framework; name = CoreGraphics.framework; path = System/Library/Frameworks/CoreGraphics.framework; sourceTree = SDKROOT; };
		7B9F06DD194390FB00771ADF /* UIKit.framework */ = {isa = PBXFileReference; lastKnownFileType = wrapper.framework; name = UIKit.framework; path = System/Library/Frameworks/UIKit.framework; sourceTree = SDKROOT; };
		7B9F06E1194390FB00771ADF /* Fantasy League-Info.plist */ = {isa = PBXFileReference; lastKnownFileType = text.plist.xml; path = "Fantasy League-Info.plist"; sourceTree = "<group>"; };
		7B9F06E3194390FB00771ADF /* en */ = {isa = PBXFileReference; lastKnownFileType = text.plist.strings; name = en; path = en.lproj/InfoPlist.strings; sourceTree = "<group>"; };
		7B9F06E5194390FB00771ADF /* main.m */ = {isa = PBXFileReference; lastKnownFileType = sourcecode.c.objc; path = main.m; sourceTree = "<group>"; };
		7B9F06E7194390FB00771ADF /* Fantasy League-Prefix.pch */ = {isa = PBXFileReference; lastKnownFileType = sourcecode.c.h; path = "Fantasy League-Prefix.pch"; sourceTree = "<group>"; };
		7B9F06E8194390FB00771ADF /* AppDelegate.h */ = {isa = PBXFileReference; lastKnownFileType = sourcecode.c.h; path = AppDelegate.h; sourceTree = "<group>"; };
		7B9F06E9194390FB00771ADF /* AppDelegate.m */ = {isa = PBXFileReference; lastKnownFileType = sourcecode.c.objc; path = AppDelegate.m; sourceTree = "<group>"; };
		7B9F06EC194390FB00771ADF /* Base */ = {isa = PBXFileReference; lastKnownFileType = file.storyboard; name = Base; path = Base.lproj/Main.storyboard; sourceTree = "<group>"; };
		7B9F06F1194390FB00771ADF /* Images.xcassets */ = {isa = PBXFileReference; lastKnownFileType = folder.assetcatalog; path = Images.xcassets; sourceTree = "<group>"; };
		7B9F06F7194390FB00771ADF /* Fantasy LeagueTests.xctest */ = {isa = PBXFileReference; explicitFileType = wrapper.cfbundle; includeInIndex = 0; path = "Fantasy LeagueTests.xctest"; sourceTree = BUILT_PRODUCTS_DIR; };
		7B9F06F8194390FB00771ADF /* XCTest.framework */ = {isa = PBXFileReference; lastKnownFileType = wrapper.framework; name = XCTest.framework; path = Library/Frameworks/XCTest.framework; sourceTree = DEVELOPER_DIR; };
		7B9F0700194390FB00771ADF /* Fantasy LeagueTests-Info.plist */ = {isa = PBXFileReference; lastKnownFileType = text.plist.xml; path = "Fantasy LeagueTests-Info.plist"; sourceTree = "<group>"; };
		7B9F0702194390FB00771ADF /* en */ = {isa = PBXFileReference; lastKnownFileType = text.plist.strings; name = en; path = en.lproj/InfoPlist.strings; sourceTree = "<group>"; };
		7B9F0704194390FB00771ADF /* Fantasy_LeagueTests.m */ = {isa = PBXFileReference; lastKnownFileType = sourcecode.c.objc; path = Fantasy_LeagueTests.m; sourceTree = "<group>"; };
		7B9F070E1943930100771ADF /* HomeViewController.h */ = {isa = PBXFileReference; fileEncoding = 4; lastKnownFileType = sourcecode.c.h; path = HomeViewController.h; sourceTree = "<group>"; };
		7B9F070F1943930100771ADF /* HomeViewController.m */ = {isa = PBXFileReference; fileEncoding = 4; lastKnownFileType = sourcecode.c.objc; path = HomeViewController.m; sourceTree = "<group>"; };
		7B9F0711194395D200771ADF /* FantasyLeagueViewController.h */ = {isa = PBXFileReference; fileEncoding = 4; lastKnownFileType = sourcecode.c.h; path = FantasyLeagueViewController.h; sourceTree = "<group>"; };
		7B9F0712194395D200771ADF /* FantasyLeagueViewController.m */ = {isa = PBXFileReference; fileEncoding = 4; lastKnownFileType = sourcecode.c.objc; path = FantasyLeagueViewController.m; sourceTree = "<group>"; };
		7B9F071419439D7500771ADF /* CountryPlayerSelectionViewController.h */ = {isa = PBXFileReference; fileEncoding = 4; lastKnownFileType = sourcecode.c.h; path = CountryPlayerSelectionViewController.h; sourceTree = "<group>"; };
		7B9F071519439D7500771ADF /* CountryPlayerSelectionViewController.m */ = {isa = PBXFileReference; fileEncoding = 4; lastKnownFileType = sourcecode.c.objc; path = CountryPlayerSelectionViewController.m; sourceTree = "<group>"; };
		7B9F07171943A00700771ADF /* PickerTableViewController.h */ = {isa = PBXFileReference; fileEncoding = 4; lastKnownFileType = sourcecode.c.h; path = PickerTableViewController.h; sourceTree = "<group>"; };
		7B9F07181943A00700771ADF /* PickerTableViewController.m */ = {isa = PBXFileReference; fileEncoding = 4; lastKnownFileType = sourcecode.c.objc; path = PickerTableViewController.m; sourceTree = "<group>"; };
		7B9F0FF01944705C00249A4C /* RegistrationViewController.h */ = {isa = PBXFileReference; fileEncoding = 4; lastKnownFileType = sourcecode.c.h; path = RegistrationViewController.h; sourceTree = "<group>"; };
		7B9F0FF11944705C00249A4C /* RegistrationViewController.m */ = {isa = PBXFileReference; fileEncoding = 4; lastKnownFileType = sourcecode.c.objc; path = RegistrationViewController.m; sourceTree = "<group>"; };
		7B9F0FF31944B0FF00249A4C /* ConfigurationClass.m */ = {isa = PBXFileReference; fileEncoding = 4; lastKnownFileType = sourcecode.c.objc; path = ConfigurationClass.m; sourceTree = "<group>"; };
		7B9F0FF51944B10300249A4C /* ConfigurationClass.h */ = {isa = PBXFileReference; lastKnownFileType = sourcecode.c.h; path = ConfigurationClass.h; sourceTree = "<group>"; };
/* End PBXFileReference section */

/* Begin PBXFrameworksBuildPhase section */
		7B9F06D3194390FB00771ADF /* Frameworks */ = {
			isa = PBXFrameworksBuildPhase;
			buildActionMask = 2147483647;
			files = (
				7B9F06DC194390FB00771ADF /* CoreGraphics.framework in Frameworks */,
				7B9F06DE194390FB00771ADF /* UIKit.framework in Frameworks */,
				7B9F06DA194390FB00771ADF /* Foundation.framework in Frameworks */,
			);
			runOnlyForDeploymentPostprocessing = 0;
		};
		7B9F06F4194390FB00771ADF /* Frameworks */ = {
			isa = PBXFrameworksBuildPhase;
			buildActionMask = 2147483647;
			files = (
				7B9F06F9194390FB00771ADF /* XCTest.framework in Frameworks */,
				7B9F06FB194390FB00771ADF /* UIKit.framework in Frameworks */,
				7B9F06FA194390FB00771ADF /* Foundation.framework in Frameworks */,
			);
			runOnlyForDeploymentPostprocessing = 0;
		};
/* End PBXFrameworksBuildPhase section */

/* Begin PBXGroup section */
		7B9F06CD194390FB00771ADF = {
			isa = PBXGroup;
			children = (
				7B9F06DF194390FB00771ADF /* Fantasy League */,
				7B9F06FE194390FB00771ADF /* Fantasy LeagueTests */,
				7B9F06D8194390FB00771ADF /* Frameworks */,
				7B9F06D7194390FB00771ADF /* Products */,
			);
			sourceTree = "<group>";
		};
		7B9F06D7194390FB00771ADF /* Products */ = {
			isa = PBXGroup;
			children = (
				7B9F06D6194390FB00771ADF /* Fantasy League.app */,
				7B9F06F7194390FB00771ADF /* Fantasy LeagueTests.xctest */,
			);
			name = Products;
			sourceTree = "<group>";
		};
		7B9F06D8194390FB00771ADF /* Frameworks */ = {
			isa = PBXGroup;
			children = (
				7B9F06D9194390FB00771ADF /* Foundation.framework */,
				7B9F06DB194390FB00771ADF /* CoreGraphics.framework */,
				7B9F06DD194390FB00771ADF /* UIKit.framework */,
				7B9F06F8194390FB00771ADF /* XCTest.framework */,
			);
			name = Frameworks;
			sourceTree = "<group>";
		};
		7B9F06DF194390FB00771ADF /* Fantasy League */ = {
			isa = PBXGroup;
			children = (
				7B9F06E8194390FB00771ADF /* AppDelegate.h */,
				7B9F06E9194390FB00771ADF /* AppDelegate.m */,
				7B9F070E1943930100771ADF /* HomeViewController.h */,
				7B9F070F1943930100771ADF /* HomeViewController.m */,
				7B9F0711194395D200771ADF /* FantasyLeagueViewController.h */,
				7B9F0712194395D200771ADF /* FantasyLeagueViewController.m */,
				7B9F071419439D7500771ADF /* CountryPlayerSelectionViewController.h */,
				7B9F071519439D7500771ADF /* CountryPlayerSelectionViewController.m */,
				7B9F07171943A00700771ADF /* PickerTableViewController.h */,
				7B9F07181943A00700771ADF /* PickerTableViewController.m */,
				7B9F0FF01944705C00249A4C /* RegistrationViewController.h */,
				7B9F0FF11944705C00249A4C /* RegistrationViewController.m */,
				7B9F0FF31944B0FF00249A4C /* ConfigurationClass.m */,
				7B9F0FF51944B10300249A4C /* ConfigurationClass.h */,
				7B9F06EB194390FB00771ADF /* Main.storyboard */,
				7B9F06F1194390FB00771ADF /* Images.xcassets */,
				7B9F06E0194390FB00771ADF /* Supporting Files */,
			);
			path = "Fantasy League";
			sourceTree = "<group>";
		};
		7B9F06E0194390FB00771ADF /* Supporting Files */ = {
			isa = PBXGroup;
			children = (
				7B9F06E1194390FB00771ADF /* Fantasy League-Info.plist */,
				7B9F06E2194390FB00771ADF /* InfoPlist.strings */,
				7B9F06E5194390FB00771ADF /* main.m */,
				7B9F06E7194390FB00771ADF /* Fantasy League-Prefix.pch */,
			);
			name = "Supporting Files";
			sourceTree = "<group>";
		};
		7B9F06FE194390FB00771ADF /* Fantasy LeagueTests */ = {
			isa = PBXGroup;
			children = (
				7B9F0704194390FB00771ADF /* Fantasy_LeagueTests.m */,
				7B9F06FF194390FB00771ADF /* Supporting Files */,
			);
			path = "Fantasy LeagueTests";
			sourceTree = "<group>";
		};
		7B9F06FF194390FB00771ADF /* Supporting Files */ = {
			isa = PBXGroup;
			children = (
				7B9F0700194390FB00771ADF /* Fantasy LeagueTests-Info.plist */,
				7B9F0701194390FB00771ADF /* InfoPlist.strings */,
			);
			name = "Supporting Files";
			sourceTree = "<group>";
		};
/* End PBXGroup section */

/* Begin PBXNativeTarget section */
		7B9F06D5194390FB00771ADF /* Fantasy League */ = {
			isa = PBXNativeTarget;
			buildConfigurationList = 7B9F0708194390FB00771ADF /* Build configuration list for PBXNativeTarget "Fantasy League" */;
			buildPhases = (
				7B9F06D2194390FB00771ADF /* Sources */,
				7B9F06D3194390FB00771ADF /* Frameworks */,
				7B9F06D4194390FB00771ADF /* Resources */,
			);
			buildRules = (
			);
			dependencies = (
			);
			name = "Fantasy League";
			productName = "Fantasy League";
			productReference = 7B9F06D6194390FB00771ADF /* Fantasy League.app */;
			productType = "com.apple.product-type.application";
		};
		7B9F06F6194390FB00771ADF /* Fantasy LeagueTests */ = {
			isa = PBXNativeTarget;
			buildConfigurationList = 7B9F070B194390FB00771ADF /* Build configuration list for PBXNativeTarget "Fantasy LeagueTests" */;
			buildPhases = (
				7B9F06F3194390FB00771ADF /* Sources */,
				7B9F06F4194390FB00771ADF /* Frameworks */,
				7B9F06F5194390FB00771ADF /* Resources */,
			);
			buildRules = (
			);
			dependencies = (
				7B9F06FD194390FB00771ADF /* PBXTargetDependency */,
			);
			name = "Fantasy LeagueTests";
			productName = "Fantasy LeagueTests";
			productReference = 7B9F06F7194390FB00771ADF /* Fantasy LeagueTests.xctest */;
			productType = "com.apple.product-type.bundle.unit-test";
		};
/* End PBXNativeTarget section */

/* Begin PBXProject section */
		7B9F06CE194390FB00771ADF /* Project object */ = {
			isa = PBXProject;
			attributes = {
				LastUpgradeCheck = 0510;
				ORGANIZATIONNAME = PaNaInfotech;
				TargetAttributes = {
					7B9F06F6194390FB00771ADF = {
						TestTargetID = 7B9F06D5194390FB00771ADF;
					};
				};
			};
			buildConfigurationList = 7B9F06D1194390FB00771ADF /* Build configuration list for PBXProject "Fantasy League" */;
			compatibilityVersion = "Xcode 3.2";
			developmentRegion = English;
			hasScannedForEncodings = 0;
			knownRegions = (
				en,
				Base,
			);
			mainGroup = 7B9F06CD194390FB00771ADF;
			productRefGroup = 7B9F06D7194390FB00771ADF /* Products */;
			projectDirPath = "";
			projectRoot = "";
			targets = (
				7B9F06D5194390FB00771ADF /* Fantasy League */,
				7B9F06F6194390FB00771ADF /* Fantasy LeagueTests */,
			);
		};
/* End PBXProject section */

/* Begin PBXResourcesBuildPhase section */
		7B9F06D4194390FB00771ADF /* Resources */ = {
			isa = PBXResourcesBuildPhase;
			buildActionMask = 2147483647;
			files = (
				7B9F06F2194390FB00771ADF /* Images.xcassets in Resources */,
				7B9F06E4194390FB00771ADF /* InfoPlist.strings in Resources */,
				7B9F06ED194390FB00771ADF /* Main.storyboard in Resources */,
			);
			runOnlyForDeploymentPostprocessing = 0;
		};
		7B9F06F5194390FB00771ADF /* Resources */ = {
			isa = PBXResourcesBuildPhase;
			buildActionMask = 2147483647;
			files = (
				7B9F0703194390FB00771ADF /* InfoPlist.strings in Resources */,
			);
			runOnlyForDeploymentPostprocessing = 0;
		};
/* End PBXResourcesBuildPhase section */

/* Begin PBXSourcesBuildPhase section */
		7B9F06D2194390FB00771ADF /* Sources */ = {
			isa = PBXSourcesBuildPhase;
			buildActionMask = 2147483647;
			files = (
				7B9F0713194395D200771ADF /* FantasyLeagueViewController.m in Sources */,
				7B9F06EA194390FB00771ADF /* AppDelegate.m in Sources */,
				7B9F06E6194390FB00771ADF /* main.m in Sources */,
				7B9F071619439D7500771ADF /* CountryPlayerSelectionViewController.m in Sources */,
				7B9F07101943930100771ADF /* HomeViewController.m in Sources */,
				7B9F0FF41944B0FF00249A4C /* ConfigurationClass.m in Sources */,
				7B9F07191943A00700771ADF /* PickerTableViewController.m in Sources */,
				7B9F0FF21944705C00249A4C /* RegistrationViewController.m in Sources */,
			);
			runOnlyForDeploymentPostprocessing = 0;
		};
		7B9F06F3194390FB00771ADF /* Sources */ = {
			isa = PBXSourcesBuildPhase;
			buildActionMask = 2147483647;
			files = (
				7B9F0705194390FB00771ADF /* Fantasy_LeagueTests.m in Sources */,
			);
			runOnlyForDeploymentPostprocessing = 0;
		};
/* End PBXSourcesBuildPhase section */

/* Begin PBXTargetDependency section */
		7B9F06FD194390FB00771ADF /* PBXTargetDependency */ = {
			isa = PBXTargetDependency;
			target = 7B9F06D5194390FB00771ADF /* Fantasy League */;
			targetProxy = 7B9F06FC194390FB00771ADF /* PBXContainerItemProxy */;
		};
/* End PBXTargetDependency section */

/* Begin PBXVariantGroup section */
		7B9F06E2194390FB00771ADF /* InfoPlist.strings */ = {
			isa = PBXVariantGroup;
			children = (
				7B9F06E3194390FB00771ADF /* en */,
			);
			name = InfoPlist.strings;
			sourceTree = "<group>";
		};
		7B9F06EB194390FB00771ADF /* Main.storyboard */ = {
			isa = PBXVariantGroup;
			children = (
				7B9F06EC194390FB00771ADF /* Base */,
			);
			name = Main.storyboard;
			sourceTree = "<group>";
		};
		7B9F0701194390FB00771ADF /* InfoPlist.strings */ = {
			isa = PBXVariantGroup;
			children = (
				7B9F0702194390FB00771ADF /* en */,
			);
			name = InfoPlist.strings;
			sourceTree = "<group>";
		};
/* End PBXVariantGroup section */

/* Begin XCBuildConfiguration section */
		7B9F0706194390FB00771ADF /* Debug */ = {
			isa = XCBuildConfiguration;
			buildSettings = {
				ALWAYS_SEARCH_USER_PATHS = NO;
				CLANG_CXX_LANGUAGE_STANDARD = "gnu++0x";
				CLANG_CXX_LIBRARY = "libc++";
				CLANG_ENABLE_MODULES = YES;
				CLANG_ENABLE_OBJC_ARC = YES;
				CLANG_WARN_BOOL_CONVERSION = YES;
				CLANG_WARN_CONSTANT_CONVERSION = YES;
				CLANG_WARN_DIRECT_OBJC_ISA_USAGE = YES_ERROR;
				CLANG_WARN_EMPTY_BODY = YES;
				CLANG_WARN_ENUM_CONVERSION = YES;
				CLANG_WARN_INT_CONVERSION = YES;
				CLANG_WARN_OBJC_ROOT_CLASS = YES_ERROR;
				CLANG_WARN__DUPLICATE_METHOD_MATCH = YES;
				"CODE_SIGN_IDENTITY[sdk=iphoneos*]" = "iPhone Developer";
				COPY_PHASE_STRIP = NO;
				GCC_C_LANGUAGE_STANDARD = gnu99;
				GCC_DYNAMIC_NO_PIC = NO;
				GCC_OPTIMIZATION_LEVEL = 0;
				GCC_PREPROCESSOR_DEFINITIONS = (
					"DEBUG=1",
					"$(inherited)",
				);
				GCC_SYMBOLS_PRIVATE_EXTERN = NO;
				GCC_WARN_64_TO_32_BIT_CONVERSION = YES;
				GCC_WARN_ABOUT_RETURN_TYPE = YES_ERROR;
				GCC_WARN_UNDECLARED_SELECTOR = YES;
				GCC_WARN_UNINITIALIZED_AUTOS = YES_AGGRESSIVE;
				GCC_WARN_UNUSED_FUNCTION = YES;
				GCC_WARN_UNUSED_VARIABLE = YES;
				IPHONEOS_DEPLOYMENT_TARGET = 7.1;
				ONLY_ACTIVE_ARCH = YES;
				SDKROOT = iphoneos;
			};
			name = Debug;
		};
		7B9F0707194390FB00771ADF /* Release */ = {
			isa = XCBuildConfiguration;
			buildSettings = {
				ALWAYS_SEARCH_USER_PATHS = NO;
				CLANG_CXX_LANGUAGE_STANDARD = "gnu++0x";
				CLANG_CXX_LIBRARY = "libc++";
				CLANG_ENABLE_MODULES = YES;
				CLANG_ENABLE_OBJC_ARC = YES;
				CLANG_WARN_BOOL_CONVERSION = YES;
				CLANG_WARN_CONSTANT_CONVERSION = YES;
				CLANG_WARN_DIRECT_OBJC_ISA_USAGE = YES_ERROR;
				CLANG_WARN_EMPTY_BODY = YES;
				CLANG_WARN_ENUM_CONVERSION = YES;
				CLANG_WARN_INT_CONVERSION = YES;
				CLANG_WARN_OBJC_ROOT_CLASS = YES_ERROR;
				CLANG_WARN__DUPLICATE_METHOD_MATCH = YES;
				"CODE_SIGN_IDENTITY[sdk=iphoneos*]" = "iPhone Developer";
				COPY_PHASE_STRIP = YES;
				ENABLE_NS_ASSERTIONS = NO;
				GCC_C_LANGUAGE_STANDARD = gnu99;
				GCC_WARN_64_TO_32_BIT_CONVERSION = YES;
				GCC_WARN_ABOUT_RETURN_TYPE = YES_ERROR;
				GCC_WARN_UNDECLARED_SELECTOR = YES;
				GCC_WARN_UNINITIALIZED_AUTOS = YES_AGGRESSIVE;
				GCC_WARN_UNUSED_FUNCTION = YES;
				GCC_WARN_UNUSED_VARIABLE = YES;
				IPHONEOS_DEPLOYMENT_TARGET = 7.1;
				SDKROOT = iphoneos;
				VALIDATE_PRODUCT = YES;
			};
			name = Release;
		};
		7B9F0709194390FB00771ADF /* Debug */ = {
			isa = XCBuildConfiguration;
			buildSettings = {
				ASSETCATALOG_COMPILER_APPICON_NAME = AppIcon;
				ASSETCATALOG_COMPILER_LAUNCHIMAGE_NAME = LaunchImage;
				GCC_PRECOMPILE_PREFIX_HEADER = YES;
				GCC_PREFIX_HEADER = "Fantasy League/Fantasy League-Prefix.pch";
				INFOPLIST_FILE = "Fantasy League/Fantasy League-Info.plist";
				PRODUCT_NAME = "$(TARGET_NAME)";
				WRAPPER_EXTENSION = app;
			};
			name = Debug;
		};
		7B9F070A194390FB00771ADF /* Release */ = {
			isa = XCBuildConfiguration;
			buildSettings = {
				ASSETCATALOG_COMPILER_APPICON_NAME = AppIcon;
				ASSETCATALOG_COMPILER_LAUNCHIMAGE_NAME = LaunchImage;
				GCC_PRECOMPILE_PREFIX_HEADER = YES;
				GCC_PREFIX_HEADER = "Fantasy League/Fantasy League-Prefix.pch";
				INFOPLIST_FILE = "Fantasy League/Fantasy League-Info.plist";
				PRODUCT_NAME = "$(TARGET_NAME)";
				WRAPPER_EXTENSION = app;
			};
			name = Release;
		};
		7B9F070C194390FB00771ADF /* Debug */ = {
			isa = XCBuildConfiguration;
			buildSettings = {
				BUNDLE_LOADER = "$(BUILT_PRODUCTS_DIR)/Fantasy League.app/Fantasy League";
				FRAMEWORK_SEARCH_PATHS = (
					"$(SDKROOT)/Developer/Library/Frameworks",
					"$(inherited)",
					"$(DEVELOPER_FRAMEWORKS_DIR)",
				);
				GCC_PRECOMPILE_PREFIX_HEADER = YES;
				GCC_PREFIX_HEADER = "Fantasy League/Fantasy League-Prefix.pch";
				GCC_PREPROCESSOR_DEFINITIONS = (
					"DEBUG=1",
					"$(inherited)",
				);
				INFOPLIST_FILE = "Fantasy LeagueTests/Fantasy LeagueTests-Info.plist";
				PRODUCT_NAME = "$(TARGET_NAME)";
				TEST_HOST = "$(BUNDLE_LOADER)";
				WRAPPER_EXTENSION = xctest;
			};
			name = Debug;
		};
		7B9F070D194390FB00771ADF /* Release */ = {
			isa = XCBuildConfiguration;
			buildSettings = {
				BUNDLE_LOADER = "$(BUILT_PRODUCTS_DIR)/Fantasy League.app/Fantasy League";
				FRAMEWORK_SEARCH_PATHS = (
					"$(SDKROOT)/Developer/Library/Frameworks",
					"$(inherited)",
					"$(DEVELOPER_FRAMEWORKS_DIR)",
				);
				GCC_PRECOMPILE_PREFIX_HEADER = YES;
				GCC_PREFIX_HEADER = "Fantasy League/Fantasy League-Prefix.pch";
				INFOPLIST_FILE = "Fantasy LeagueTests/Fantasy LeagueTests-Info.plist";
				PRODUCT_NAME = "$(TARGET_NAME)";
				TEST_HOST = "$(BUNDLE_LOADER)";
				WRAPPER_EXTENSION = xctest;
			};
			name = Release;
		};
/* End XCBuildConfiguration section */

/* Begin XCConfigurationList section */
		7B9F06D1194390FB00771ADF /* Build configuration list for PBXProject "Fantasy League" */ = {
			isa = XCConfigurationList;
			buildConfigurations = (
				7B9F0706194390FB00771ADF /* Debug */,
				7B9F0707194390FB00771ADF /* Release */,
			);
			defaultConfigurationIsVisible = 0;
			defaultConfigurationName = Release;
		};
		7B9F0708194390FB00771ADF /* Build configuration list for PBXNativeTarget "Fantasy League" */ = {
			isa = XCConfigurationList;
			buildConfigurations = (
				7B9F0709194390FB00771ADF /* Debug */,
				7B9F070A194390FB00771ADF /* Release */,
			);
			defaultConfigurationIsVisible = 0;
			defaultConfigurationName = Release;
		};
		7B9F070B194390FB00771ADF /* Build configuration list for PBXNativeTarget "Fantasy LeagueTests" */ = {
			isa = XCConfigurationList;
			buildConfigurations = (
				7B9F070C194390FB00771ADF /* Debug */,
				7B9F070D194390FB00771ADF /* Release */,
			);
			defaultConfigurationIsVisible = 0;
			defaultConfigurationName = Release;
		};
/* End XCConfigurationList section */
	};
	rootObject = 7B9F06CE194390FB00771ADF /* Project object */;
}
